
Microsoft Visual Studio Solution File, Format Version 12.00
# Visual Studio Version 17
VisualStudioVersion = 17.3.32901.215
MinimumVisualStudioVersion = 10.0.40219.1
Project("{FAE04EC0-301F-11D3-BF4B-00C04F79EFBC}") = "LeaveManagementWebClient", "LeaveManagementWebClient\LeaveManagementWebClient.csproj", "{CDEAC7C5-DC72-4F3C-85ED-C319ED8DE957}"
EndProject
Global
	GlobalSection(SolutionConfigurationPlatforms) = preSolution
		Debug|Any CPU = Debug|Any CPU
		Release|Any CPU = Release|Any CPU
	EndGlobalSection
	GlobalSection(ProjectConfigurationPlatforms) = postSolution
		{CDEAC7C5-DC72-4F3C-85ED-C319ED8DE957}.Debug|Any CPU.ActiveCfg = Debug|Any CPU
		{CDEAC7C5-DC72-4F3C-85ED-C319ED8DE957}.Debug|Any CPU.Build.0 = Debug|Any CPU
		{CDEAC7C5-DC72-4F3C-85ED-C319ED8DE957}.Release|Any CPU.ActiveCfg = Release|Any CPU
		{CDEAC7C5-DC72-4F3C-85ED-C319ED8DE957}.Release|Any CPU.Build.0 = Release|Any CPU
	EndGlobalSection
	GlobalSection(SolutionProperties) = preSolution
		HideSolutionNode = FALSE
	EndGlobalSection
	GlobalSection(ExtensibilityGlobals) = postSolution
		SolutionGuid = {BB68CB86-2BD6-4107-87D7-2398AD52ADB9}
	EndGlobalSection
EndGlobal
